
Microsoft Visual Studio Solution File, Format Version 12.00
# Visual Studio Version 16
VisualStudioVersion = 16.0.31729.503
MinimumVisualStudioVersion = 10.0.40219.1
Project("{FAE04EC0-301F-11D3-BF4B-00C04F79EFBC}") = "ParkingApp.Android", "TestApp\ParkingApp.Android\ParkingApp.Android.csproj", "{AB0B1590-6682-4316-A45A-79A0F9A577E6}"
EndProject
Project("{FAE04EC0-301F-11D3-BF4B-00C04F79EFBC}") = "ParkingApp", "ParkingApp\ParkingApp\ParkingApp.csproj", "{4F4C977F-5126-4EB4-BFDC-A0ABEB01E024}"
EndProject
Project("{FAE04EC0-301F-11D3-BF4B-00C04F79EFBC}") = "ParkingApp.Android", "ParkingApp\ParkingApp.Android\ParkingApp.Android.csproj", "{AB0B1590-6682-4316-A45A-79A0F9A577E6}"
EndProject
Project("{FAE04EC0-301F-11D3-BF4B-00C04F79EFBC}") = "ParkingApp.iOS", "ParkingApp\ParkingApp.iOS\ParkingApp.iOS.csproj", "{E8B41E45-0B5A-4F34-B10E-C63C4FD6B080}"
EndProject
Global
	GlobalSection(SolutionConfigurationPlatforms) = preSolution
		Ad-Hoc|Any CPU = Ad-Hoc|Any CPU
		Ad-Hoc|iPhone = Ad-Hoc|iPhone
		Ad-Hoc|iPhoneSimulator = Ad-Hoc|iPhoneSimulator
		AppStore|Any CPU = AppStore|Any CPU
		AppStore|iPhone = AppStore|iPhone
		AppStore|iPhoneSimulator = AppStore|iPhoneSimulator
		Debug|Any CPU = Debug|Any CPU
		Debug|iPhone = Debug|iPhone
		Debug|iPhoneSimulator = Debug|iPhoneSimulator
		Release|Any CPU = Release|Any CPU
		Release|iPhone = Release|iPhone
		Release|iPhoneSimulator = Release|iPhoneSimulator
	EndGlobalSection
	GlobalSection(ProjectConfigurationPlatforms) = postSolution
		{AB0B1590-6682-4316-A45A-79A0F9A577E6}.Ad-Hoc|Any CPU.ActiveCfg = Release|Any CPU
		{AB0B1590-6682-4316-A45A-79A0F9A577E6}.Ad-Hoc|Any CPU.Build.0 = Release|Any CPU
		{AB0B1590-6682-4316-A45A-79A0F9A577E6}.Ad-Hoc|Any CPU.Deploy.0 = Release|Any CPU
		{AB0B1590-6682-4316-A45A-79A0F9A577E6}.Ad-Hoc|iPhone.ActiveCfg = Debug|Any CPU
		{AB0B1590-6682-4316-A45A-79A0F9A577E6}.Ad-Hoc|iPhone.Build.0 = Debug|Any CPU
		{AB0B1590-6682-4316-A45A-79A0F9A577E6}.Ad-Hoc|iPhone.Deploy.0 = Debug|Any CPU
		{AB0B1590-6682-4316-A45A-79A0F9A577E6}.Ad-Hoc|iPhoneSimulator.ActiveCfg = Release|Any CPU
		{AB0B1590-6682-4316-A45A-79A0F9A577E6}.Ad-Hoc|iPhoneSimulator.Build.0 = Release|Any CPU
		{AB0B1590-6682-4316-A45A-79A0F9A577E6}.Ad-Hoc|iPhoneSimulator.Deploy.0 = Release|Any CPU
		{AB0B1590-6682-4316-A45A-79A0F9A577E6}.AppStore|Any CPU.ActiveCfg = Release|Any CPU
		{AB0B1590-6682-4316-A45A-79A0F9A577E6}.AppStore|Any CPU.Build.0 = Release|Any CPU
		{AB0B1590-6682-4316-A45A-79A0F9A577E6}.AppStore|Any CPU.Deploy.0 = Release|Any CPU
		{AB0B1590-6682-4316-A45A-79A0F9A577E6}.AppStore|iPhone.ActiveCfg = Debug|Any CPU
		{AB0B1590-6682-4316-A45A-79A0F9A577E6}.AppStore|iPhone.Build.0 = Debug|Any CPU
		{AB0B1590-6682-4316-A45A-79A0F9A577E6}.AppStore|iPhone.Deploy.0 = Debug|Any CPU
		{AB0B1590-6682-4316-A45A-79A0F9A577E6}.AppStore|iPhoneSimulator.ActiveCfg = Release|Any CPU
		{AB0B1590-6682-4316-A45A-79A0F9A577E6}.AppStore|iPhoneSimulator.Build.0 = Release|Any CPU
		{AB0B1590-6682-4316-A45A-79A0F9A577E6}.AppStore|iPhoneSimulator.Deploy.0 = Release|Any CPU
		{AB0B1590-6682-4316-A45A-79A0F9A577E6}.Debug|Any CPU.ActiveCfg = Debug|Any CPU
		{AB0B1590-6682-4316-A45A-79A0F9A577E6}.Debug|Any CPU.Build.0 = Debug|Any CPU
		{AB0B1590-6682-4316-A45A-79A0F9A577E6}.Debug|Any CPU.Deploy.0 = Debug|Any CPU
		{AB0B1590-6682-4316-A45A-79A0F9A577E6}.Debug|iPhone.ActiveCfg = Debug|Any CPU
		{AB0B1590-6682-4316-A45A-79A0F9A577E6}.Debug|iPhone.Build.0 = Debug|Any CPU
		{AB0B1590-6682-4316-A45A-79A0F9A577E6}.Debug|iPhone.Deploy.0 = Debug|Any CPU
		{AB0B1590-6682-4316-A45A-79A0F9A577E6}.Debug|iPhoneSimulator.ActiveCfg = Debug|Any CPU
		{AB0B1590-6682-4316-A45A-79A0F9A577E6}.Debug|iPhoneSimulator.Build.0 = Debug|Any CPU
		{AB0B1590-6682-4316-A45A-79A0F9A577E6}.Debug|iPhoneSimulator.Deploy.0 = Debug|Any CPU
		{AB0B1590-6682-4316-A45A-79A0F9A577E6}.Release|Any CPU.ActiveCfg = Release|Any CPU
		{AB0B1590-6682-4316-A45A-79A0F9A577E6}.Release|Any CPU.Build.0 = Release|Any CPU
		{AB0B1590-6682-4316-A45A-79A0F9A577E6}.Release|Any CPU.Deploy.0 = Release|Any CPU
		{AB0B1590-6682-4316-A45A-79A0F9A577E6}.Release|iPhone.ActiveCfg = Release|Any CPU
		{AB0B1590-6682-4316-A45A-79A0F9A577E6}.Release|iPhone.Build.0 = Release|Any CPU
		{AB0B1590-6682-4316-A45A-79A0F9A577E6}.Release|iPhone.Deploy.0 = Release|Any CPU
		{AB0B1590-6682-4316-A45A-79A0F9A577E6}.Release|iPhoneSimulator.ActiveCfg = Release|Any CPU
		{AB0B1590-6682-4316-A45A-79A0F9A577E6}.Release|iPhoneSimulator.Build.0 = Release|Any CPU
		{AB0B1590-6682-4316-A45A-79A0F9A577E6}.Release|iPhoneSimulator.Deploy.0 = Release|Any CPU
		{4F4C977F-5126-4EB4-BFDC-A0ABEB01E024}.Ad-Hoc|Any CPU.ActiveCfg = Debug|Any CPU
		{4F4C977F-5126-4EB4-BFDC-A0ABEB01E024}.Ad-Hoc|Any CPU.Build.0 = Debug|Any CPU
		{4F4C977F-5126-4EB4-BFDC-A0ABEB01E024}.Ad-Hoc|iPhone.ActiveCfg = Debug|Any CPU
		{4F4C977F-5126-4EB4-BFDC-A0ABEB01E024}.Ad-Hoc|iPhone.Build.0 = Debug|Any CPU
		{4F4C977F-5126-4EB4-BFDC-A0ABEB01E024}.Ad-Hoc|iPhoneSimulator.ActiveCfg = Debug|Any CPU
		{4F4C977F-5126-4EB4-BFDC-A0ABEB01E024}.Ad-Hoc|iPhoneSimulator.Build.0 = Debug|Any CPU
		{4F4C977F-5126-4EB4-BFDC-A0ABEB01E024}.AppStore|Any CPU.ActiveCfg = Debug|Any CPU
		{4F4C977F-5126-4EB4-BFDC-A0ABEB01E024}.AppStore|Any CPU.Build.0 = Debug|Any CPU
		{4F4C977F-5126-4EB4-BFDC-A0ABEB01E024}.AppStore|iPhone.ActiveCfg = Debug|Any CPU
		{4F4C977F-5126-4EB4-BFDC-A0ABEB01E024}.AppStore|iPhone.Build.0 = Debug|Any CPU
		{4F4C977F-5126-4EB4-BFDC-A0ABEB01E024}.AppStore|iPhoneSimulator.ActiveCfg = Debug|Any CPU
		{4F4C977F-5126-4EB4-BFDC-A0ABEB01E024}.AppStore|iPhoneSimulator.Build.0 = Debug|Any CPU
		{4F4C977F-5126-4EB4-BFDC-A0ABEB01E024}.Debug|Any CPU.ActiveCfg = Debug|Any CPU
		{4F4C977F-5126-4EB4-BFDC-A0ABEB01E024}.Debug|Any CPU.Build.0 = Debug|Any CPU
		{4F4C977F-5126-4EB4-BFDC-A0ABEB01E024}.Debug|iPhone.ActiveCfg = Debug|Any CPU
		{4F4C977F-5126-4EB4-BFDC-A0ABEB01E024}.Debug|iPhone.Build.0 = Debug|Any CPU
		{4F4C977F-5126-4EB4-BFDC-A0ABEB01E024}.Debug|iPhoneSimulator.ActiveCfg = Debug|Any CPU
		{4F4C977F-5126-4EB4-BFDC-A0ABEB01E024}.Debug|iPhoneSimulator.Build.0 = Debug|Any CPU
		{4F4C977F-5126-4EB4-BFDC-A0ABEB01E024}.Release|Any CPU.ActiveCfg = Release|Any CPU
		{4F4C977F-5126-4EB4-BFDC-A0ABEB01E024}.Release|Any CPU.Build.0 = Release|Any CPU
		{4F4C977F-5126-4EB4-BFDC-A0ABEB01E024}.Release|iPhone.ActiveCfg = Release|Any CPU
		{4F4C977F-5126-4EB4-BFDC-A0ABEB01E024}.Release|iPhone.Build.0 = Release|Any CPU
		{4F4C977F-5126-4EB4-BFDC-A0ABEB01E024}.Release|iPhoneSimulator.ActiveCfg = Release|Any CPU
		{4F4C977F-5126-4EB4-BFDC-A0ABEB01E024}.Release|iPhoneSimulator.Build.0 = Release|Any CPU
		{AB0B1590-6682-4316-A45A-79A0F9A577E6}.Ad-Hoc|Any CPU.ActiveCfg = Debug|Any CPU
		{AB0B1590-6682-4316-A45A-79A0F9A577E6}.Ad-Hoc|Any CPU.Build.0 = Debug|Any CPU
		{AB0B1590-6682-4316-A45A-79A0F9A577E6}.Ad-Hoc|iPhoneSimulator.ActiveCfg = Debug|Any CPU
		{AB0B1590-6682-4316-A45A-79A0F9A577E6}.Ad-Hoc|iPhoneSimulator.Build.0 = Debug|Any CPU
		{AB0B1590-6682-4316-A45A-79A0F9A577E6}.AppStore|Any CPU.ActiveCfg = Debug|Any CPU
		{AB0B1590-6682-4316-A45A-79A0F9A577E6}.AppStore|Any CPU.Build.0 = Debug|Any CPU
		{AB0B1590-6682-4316-A45A-79A0F9A577E6}.AppStore|iPhoneSimulator.ActiveCfg = Debug|Any CPU
		{AB0B1590-6682-4316-A45A-79A0F9A577E6}.AppStore|iPhoneSimulator.Build.0 = Debug|Any CPU
	EndGlobalSection
	GlobalSection(SolutionProperties) = preSolution
		HideSolutionNode = FALSE
	EndGlobalSection
	GlobalSection(ExtensibilityGlobals) = postSolution
		SolutionGuid = {AF9CAE90-B5DA-42E7-9EAC-A09D63ADC4DF}
	EndGlobalSection
EndGlobal
